
Microsoft Visual Studio Solution File, Format Version 12.00
# Visual Studio Version 16
VisualStudioVersion = 16.0.31729.503
MinimumVisualStudioVersion = 10.0.40219.1
Project("{FAE04EC0-301F-11D3-BF4B-00C04F79EFBC}") = "11112021", "11112021\11112021.csproj", "{19C7FABC-765A-49C2-89DC-DAAC214EA87A}"
EndProject
Project("{FAE04EC0-301F-11D3-BF4B-00C04F79EFBC}") = "ProgressBar", "ProgressBar\ProgressBar.csproj", "{EFF318DE-2F86-4445-831C-B1160492F691}"
EndProject
Global
	GlobalSection(SolutionConfigurationPlatforms) = preSolution
		Debug|Any CPU = Debug|Any CPU
		Release|Any CPU = Release|Any CPU
	EndGlobalSection
	GlobalSection(ProjectConfigurationPlatforms) = postSolution
		{19C7FABC-765A-49C2-89DC-DAAC214EA87A}.Debug|Any CPU.ActiveCfg = Debug|Any CPU
		{19C7FABC-765A-49C2-89DC-DAAC214EA87A}.Debug|Any CPU.Build.0 = Debug|Any CPU
		{19C7FABC-765A-49C2-89DC-DAAC214EA87A}.Release|Any CPU.ActiveCfg = Release|Any CPU
		{19C7FABC-765A-49C2-89DC-DAAC214EA87A}.Release|Any CPU.Build.0 = Release|Any CPU
		{EFF318DE-2F86-4445-831C-B1160492F691}.Debug|Any CPU.ActiveCfg = Debug|Any CPU
		{EFF318DE-2F86-4445-831C-B1160492F691}.Debug|Any CPU.Build.0 = Debug|Any CPU
		{EFF318DE-2F86-4445-831C-B1160492F691}.Release|Any CPU.ActiveCfg = Release|Any CPU
		{EFF318DE-2F86-4445-831C-B1160492F691}.Release|Any CPU.Build.0 = Release|Any CPU
	EndGlobalSection
	GlobalSection(SolutionProperties) = preSolution
		HideSolutionNode = FALSE
	EndGlobalSection
	GlobalSection(ExtensibilityGlobals) = postSolution
		SolutionGuid = {00CB6D6F-EC76-4313-87CE-4E4D70029BB6}
	EndGlobalSection
EndGlobal
